
Microsoft Visual Studio Solution File, Format Version 12.00
# Visual Studio 15
VisualStudioVersion = 15.0.28307.421
MinimumVisualStudioVersion = 10.0.40219.1
Project("{FAE04EC0-301F-11D3-BF4B-00C04F79EFBC}") = "Assignment-4", "Assignment-4\Assignment-4.csproj", "{077BCC8C-4729-482F-AE13-C9D42A58010D}"
EndProject
Global
	GlobalSection(SolutionConfigurationPlatforms) = preSolution
		Debug|Any CPU = Debug|Any CPU
		Release|Any CPU = Release|Any CPU
	EndGlobalSection
	GlobalSection(ProjectConfigurationPlatforms) = postSolution
		{077BCC8C-4729-482F-AE13-C9D42A58010D}.Debug|Any CPU.ActiveCfg = Debug|Any CPU
		{077BCC8C-4729-482F-AE13-C9D42A58010D}.Debug|Any CPU.Build.0 = Debug|Any CPU
		{077BCC8C-4729-482F-AE13-C9D42A58010D}.Release|Any CPU.ActiveCfg = Release|Any CPU
		{077BCC8C-4729-482F-AE13-C9D42A58010D}.Release|Any CPU.Build.0 = Release|Any CPU
	EndGlobalSection
	GlobalSection(SolutionProperties) = preSolution
		HideSolutionNode = FALSE
	EndGlobalSection
	GlobalSection(ExtensibilityGlobals) = postSolution
		SolutionGuid = {3ED1CF77-FC64-42F7-B19D-9177E87D10A1}
	EndGlobalSection
EndGlobal
